
Microsoft Visual Studio Solution File, Format Version 12.00
# Visual Studio Version 17
VisualStudioVersion = 17.11.35222.181
MinimumVisualStudioVersion = 10.0.40219.1
Project("{2150E333-8FDC-42A3-9474-1A3956D46DE8}") = "Task0", "Task0", "{2559877F-33EE-4160-8FA1-4C98A0077067}"
EndProject
Project("{FAE04EC0-301F-11D3-BF4B-00C04F79EFBC}") = "Tyuiu.RaushKN.Sprint0.Task0.V0", "Tyuiu.RaushKN.Sprint0.Task0.V0\Tyuiu.RaushKN.Sprint0.Task0.V0.csproj", "{92D2C54E-CCDA-45BD-905D-35FAF0A92910}"
EndProject
Project("{2150E333-8FDC-42A3-9474-1A3956D46DE8}") = "Task1", "Task1", "{3EBE0206-52FC-422A-A518-B8F26BE5A897}"
EndProject
Project("{FAE04EC0-301F-11D3-BF4B-00C04F79EFBC}") = "Tyuiu.RaushKN.Sprint0.Task1.V0", "Tyuiu.RaushKN.Sprint0.Task1.V0\Tyuiu.RaushKN.Sprint0.Task1.V0.csproj", "{2A504BC8-C4BB-4DD3-9ED7-54847DBDE9BF}"
EndProject
Project("{2150E333-8FDC-42A3-9474-1A3956D46DE8}") = "Task2", "Task2", "{0CE811E2-C0D4-4804-8CF7-585C13C41E93}"
EndProject
Project("{FAE04EC0-301F-11D3-BF4B-00C04F79EFBC}") = "Tyuiu.RaushKN.Sprint0.Task2.V0", "Tyuiu.RaushKN.Sprint0.Task2.V0\Tyuiu.RaushKN.Sprint0.Task2.V0.csproj", "{E18199BC-B796-4AAC-8DE9-3B1333EE4EDC}"
EndProject
Project("{FAE04EC0-301F-11D3-BF4B-00C04F79EFBC}") = "Tyuiu.RaushKN.Sprint0.Task2.V0.Lib", "Tyuiu.RaushKN.Sprint0.Task2.V0.Lib\Tyuiu.RaushKN.Sprint0.Task2.V0.Lib.csproj", "{B84C9A96-5061-4116-8D1A-96ACD81F0387}"
EndProject
Project("{FAE04EC0-301F-11D3-BF4B-00C04F79EFBC}") = "Tyuiu.RaushKN.Sprint0.Task2.V0.Test", "Tyuiu.RaushKN.Sprint0.Task2.V0.Task\Tyuiu.RaushKN.Sprint0.Task2.V0.Test.csproj", "{D56C001D-D33F-4CB3-95C0-B841D810B18A}"
EndProject
Global
	GlobalSection(SolutionConfigurationPlatforms) = preSolution
		Debug|Any CPU = Debug|Any CPU
		Release|Any CPU = Release|Any CPU
	EndGlobalSection
	GlobalSection(ProjectConfigurationPlatforms) = postSolution
		{92D2C54E-CCDA-45BD-905D-35FAF0A92910}.Debug|Any CPU.ActiveCfg = Debug|Any CPU
		{92D2C54E-CCDA-45BD-905D-35FAF0A92910}.Debug|Any CPU.Build.0 = Debug|Any CPU
		{92D2C54E-CCDA-45BD-905D-35FAF0A92910}.Release|Any CPU.ActiveCfg = Release|Any CPU
		{92D2C54E-CCDA-45BD-905D-35FAF0A92910}.Release|Any CPU.Build.0 = Release|Any CPU
		{2A504BC8-C4BB-4DD3-9ED7-54847DBDE9BF}.Debug|Any CPU.ActiveCfg = Debug|Any CPU
		{2A504BC8-C4BB-4DD3-9ED7-54847DBDE9BF}.Debug|Any CPU.Build.0 = Debug|Any CPU
		{2A504BC8-C4BB-4DD3-9ED7-54847DBDE9BF}.Release|Any CPU.ActiveCfg = Release|Any CPU
		{2A504BC8-C4BB-4DD3-9ED7-54847DBDE9BF}.Release|Any CPU.Build.0 = Release|Any CPU
		{E18199BC-B796-4AAC-8DE9-3B1333EE4EDC}.Debug|Any CPU.ActiveCfg = Debug|Any CPU
		{E18199BC-B796-4AAC-8DE9-3B1333EE4EDC}.Debug|Any CPU.Build.0 = Debug|Any CPU
		{E18199BC-B796-4AAC-8DE9-3B1333EE4EDC}.Release|Any CPU.ActiveCfg = Release|Any CPU
		{E18199BC-B796-4AAC-8DE9-3B1333EE4EDC}.Release|Any CPU.Build.0 = Release|Any CPU
		{B84C9A96-5061-4116-8D1A-96ACD81F0387}.Debug|Any CPU.ActiveCfg = Debug|Any CPU
		{B84C9A96-5061-4116-8D1A-96ACD81F0387}.Debug|Any CPU.Build.0 = Debug|Any CPU
		{B84C9A96-5061-4116-8D1A-96ACD81F0387}.Release|Any CPU.ActiveCfg = Release|Any CPU
		{B84C9A96-5061-4116-8D1A-96ACD81F0387}.Release|Any CPU.Build.0 = Release|Any CPU
		{D56C001D-D33F-4CB3-95C0-B841D810B18A}.Debug|Any CPU.ActiveCfg = Debug|Any CPU
		{D56C001D-D33F-4CB3-95C0-B841D810B18A}.Debug|Any CPU.Build.0 = Debug|Any CPU
		{D56C001D-D33F-4CB3-95C0-B841D810B18A}.Release|Any CPU.ActiveCfg = Release|Any CPU
		{D56C001D-D33F-4CB3-95C0-B841D810B18A}.Release|Any CPU.Build.0 = Release|Any CPU
	EndGlobalSection
	GlobalSection(SolutionProperties) = preSolution
		HideSolutionNode = FALSE
	EndGlobalSection
	GlobalSection(NestedProjects) = preSolution
		{92D2C54E-CCDA-45BD-905D-35FAF0A92910} = {2559877F-33EE-4160-8FA1-4C98A0077067}
		{2A504BC8-C4BB-4DD3-9ED7-54847DBDE9BF} = {3EBE0206-52FC-422A-A518-B8F26BE5A897}
		{E18199BC-B796-4AAC-8DE9-3B1333EE4EDC} = {0CE811E2-C0D4-4804-8CF7-585C13C41E93}
		{B84C9A96-5061-4116-8D1A-96ACD81F0387} = {0CE811E2-C0D4-4804-8CF7-585C13C41E93}
		{D56C001D-D33F-4CB3-95C0-B841D810B18A} = {0CE811E2-C0D4-4804-8CF7-585C13C41E93}
	EndGlobalSection
	GlobalSection(ExtensibilityGlobals) = postSolution
		SolutionGuid = {772A1AFE-4F79-4B8F-8242-D6DB6DE23602}
	EndGlobalSection
EndGlobal
