
Microsoft Visual Studio Solution File, Format Version 12.00
# Visual Studio Version 17
VisualStudioVersion = 17.11.35222.181
MinimumVisualStudioVersion = 10.0.40219.1
Project("{2150E333-8FDC-42A3-9474-1A3956D46DE8}") = "Task0", "Task0", "{2559877F-33EE-4160-8FA1-4C98A0077067}"
EndProject
Project("{9A19103F-16F7-4668-BE54-9A1E7A4F7556}") = "Tyuiu.RaushKN.Sprint0.Task0.V0", "Tyuiu.RaushKN.Sprint0.Task0.V0\Tyuiu.RaushKN.Sprint0.Task0.V0.csproj", "{92D2C54E-CCDA-45BD-905D-35FAF0A92910}"
EndProject
Project("{2150E333-8FDC-42A3-9474-1A3956D46DE8}") = "Task1", "Task1", "{3EBE0206-52FC-422A-A518-B8F26BE5A897}"
EndProject
Project("{9A19103F-16F7-4668-BE54-9A1E7A4F7556}") = "Tyuiu.RaushKN.Sprint0.Task1.V0", "Tyuiu.RaushKN.Sprint0.Task1.V0\Tyuiu.RaushKN.Sprint0.Task1.V0.csproj", "{2A504BC8-C4BB-4DD3-9ED7-54847DBDE9BF}"
EndProject
Project("{2150E333-8FDC-42A3-9474-1A3956D46DE8}") = "Task2", "Task2", "{0CE811E2-C0D4-4804-8CF7-585C13C41E93}"
EndProject
Project("{9A19103F-16F7-4668-BE54-9A1E7A4F7556}") = "Tyuiu.RaushKN.Sprint0.Task2.V0", "Tyuiu.RaushKN.Sprint0.Task2.V0\Tyuiu.RaushKN.Sprint0.Task2.V0.csproj", "{E18199BC-B796-4AAC-8DE9-3B1333EE4EDC}"
EndProject
Project("{9A19103F-16F7-4668-BE54-9A1E7A4F7556}") = "Tyuiu.RaushKN.Sprint0.Task2.V0.Lib", "Tyuiu.RaushKN.Sprint0.Task2.V0.Lib\Tyuiu.RaushKN.Sprint0.Task2.V0.Lib.csproj", "{B84C9A96-5061-4116-8D1A-96ACD81F0387}"
EndProject
Project("{9A19103F-16F7-4668-BE54-9A1E7A4F7556}") = "Tyuiu.RaushKN.Sprint0.Task2.V0.Test", "Tyuiu.RaushKN.Sprint0.Task2.V0.Task\Tyuiu.RaushKN.Sprint0.Task2.V0.Test.csproj", "{D56C001D-D33F-4CB3-95C0-B841D810B18A}"
EndProject
Project("{2150E333-8FDC-42A3-9474-1A3956D46DE8}") = "Task3", "Task3", "{E8C408CF-F4F0-409B-BF1E-5D3CB305E6E7}"
EndProject
Project("{9A19103F-16F7-4668-BE54-9A1E7A4F7556}") = "Tyuiu.RaushKN.Sprint0.Task3.V0", "Tyuiu.RaushKN.Sprint0.Task3.V0\Tyuiu.RaushKN.Sprint0.Task3.V0.csproj", "{DA8BDE4A-3322-46F8-9DEB-0BC58054F468}"
EndProject
Project("{9A19103F-16F7-4668-BE54-9A1E7A4F7556}") = "Tyuiu.RaushKN.Sprint0.Task3.V0.Test", "Tyuiu.RaushKN.Sprint0.Task3.V0.Test\Tyuiu.RaushKN.Sprint0.Task3.V0.Test.csproj", "{0F54A5DA-46B1-4CBA-82E6-BD49400AC95C}"
EndProject
Project("{9A19103F-16F7-4668-BE54-9A1E7A4F7556}") = "Tyuiu.RaushKN.Sprint0.Task3.V0.Lib", "Tyuiu.RaushKN.Sprint0.Task3.V0.Lib\Tyuiu.RaushKN.Sprint0.Task3.V0.Lib.csproj", "{A330EB5C-EF37-468F-A72E-905FE833514A}"
EndProject
Project("{2150E333-8FDC-42A3-9474-1A3956D46DE8}") = "Task4", "Task4", "{E6BFAAB9-3FA9-466A-933B-43C0EF4E36E9}"
EndProject
Project("{9A19103F-16F7-4668-BE54-9A1E7A4F7556}") = "Tyuiu.RaushKN.Sprint0.Task4.V0", "Tyuiu.RaushKN.Sprint0.Task4.V0\Tyuiu.RaushKN.Sprint0.Task4.V0.csproj", "{D0860133-35B6-493E-A644-6F27D50C0404}"
EndProject
Project("{9A19103F-16F7-4668-BE54-9A1E7A4F7556}") = "Tyuiu.RaushKN.Sprint0.Task4.V0.Lib", "Tyuiu.RaushKN.Sprint0.Task4.V0.Lib\Tyuiu.RaushKN.Sprint0.Task4.V0.Lib.csproj", "{FB12825D-E122-41F9-A9A1-243E87062DED}"
EndProject
Project("{9A19103F-16F7-4668-BE54-9A1E7A4F7556}") = "Tyuiu.RaushKN.Sprint0.Task4.V0.Test", "Tyuiu.RaushKN.Sprint0.Task4.V0.Test\Tyuiu.RaushKN.Sprint0.Task4.V0.Test.csproj", "{F0924C30-412E-439C-8122-837BF4BE526F}"
EndProject
Project("{2150E333-8FDC-42A3-9474-1A3956D46DE8}") = "Task5", "Task5", "{49C87263-4ECB-42F5-9D3F-3DFC8D4AB2D2}"
EndProject
Project("{FAE04EC0-301F-11D3-BF4B-00C04F79EFBC}") = "Tyuiu.RaushKN.Sprint0.Task5.V0", "Tyuiu.RaushKN.Sprint0.Task5.V0\Tyuiu.RaushKN.Sprint0.Task5.V0.csproj", "{0BC83A32-AA0B-451D-903B-C0BE7312CD4A}"
EndProject
Project("{FAE04EC0-301F-11D3-BF4B-00C04F79EFBC}") = "Tyuiu.RaushKN.Sprint0.Task5.V0.Test", "Tyuiu.RaushKN.Sprint0.Task5.V0.Test\Tyuiu.RaushKN.Sprint0.Task5.V0.Test.csproj", "{4943692B-6949-448A-AADB-B630B57A28A6}"
EndProject
Project("{FAE04EC0-301F-11D3-BF4B-00C04F79EFBC}") = "Tyuiu.RaushKN.Sprint0.Task5.V0.Lib", "Tyuiu.RaushKN.Sprint0.Task5.V0.Lib\Tyuiu.RaushKN.Sprint0.Task5.V0.Lib.csproj", "{AA69B58A-C4AD-4D0A-9166-0C1129CE1883}"
EndProject
Project("{2150E333-8FDC-42A3-9474-1A3956D46DE8}") = "Task6", "Task6", "{0C39E9FD-4A7C-4446-82E7-EAC8C7819AC0}"
EndProject
Project("{FAE04EC0-301F-11D3-BF4B-00C04F79EFBC}") = "Tyuiu.RaushKN.Sprint0.Task6.V0.Lib", "Tyuiu.RaushKN.Sprint0.Task6.V0.Lib\Tyuiu.RaushKN.Sprint0.Task6.V0.Lib.csproj", "{459AF2ED-486F-4B32-81DE-516B57A6155F}"
EndProject
Project("{FAE04EC0-301F-11D3-BF4B-00C04F79EFBC}") = "Tyuiu.RaushKN.Sprint0.Task6.V0.Test", "Tyuiu.RaushKN.Sprint0.Task6.V0.Test\Tyuiu.RaushKN.Sprint0.Task6.V0.Test.csproj", "{2D659A56-3CCA-4EC7-8ADA-7F1FEAD15CED}"
EndProject
Project("{FAE04EC0-301F-11D3-BF4B-00C04F79EFBC}") = "Tyuiu.RaushKN.Sprint0.Task6.V0", "Tyuiu.RaushKN.Sprint0.Task6.V0\Tyuiu.RaushKN.Sprint0.Task6.V0.csproj", "{10A431D2-8ED7-4223-BD5C-13801194BC44}"
EndProject
Project("{2150E333-8FDC-42A3-9474-1A3956D46DE8}") = "Task7", "Task7", "{93D65305-EA48-4B4F-B294-D7EC8FA47735}"
EndProject
Project("{FAE04EC0-301F-11D3-BF4B-00C04F79EFBC}") = "Tyuiu.RaushKN.Sprint0.Task7.V0", "Tyuiu.RaushKN.Sprint0.Task7.V0\Tyuiu.RaushKN.Sprint0.Task7.V0.csproj", "{1BCCAE92-1F70-4FD1-9000-36A310B37EEB}"
EndProject
Project("{FAE04EC0-301F-11D3-BF4B-00C04F79EFBC}") = "Tyuiu.RaushKN.Sprint0.Task7.V0.Test", "Tyuiu.RaushKN.Sprint0.Task7.V0.Test\Tyuiu.RaushKN.Sprint0.Task7.V0.Test.csproj", "{C685471F-752C-4CD7-BE71-553D1E7D16E9}"
EndProject
Project("{FAE04EC0-301F-11D3-BF4B-00C04F79EFBC}") = "Tyuiu.RaushKN.Sprint0.Task7.V0.Lib", "Tyuiu.RaushKN.Sprint0.Task7.V0.Lib\Tyuiu.RaushKN.Sprint0.Task7.V0.Lib.csproj", "{FB2668EE-E8A0-4CC7-8D7A-4FACFEBF6D55}"
EndProject
Global
	GlobalSection(SolutionConfigurationPlatforms) = preSolution
		Debug|Any CPU = Debug|Any CPU
		Debug|x64 = Debug|x64
		Release|Any CPU = Release|Any CPU
		Release|x64 = Release|x64
	EndGlobalSection
	GlobalSection(ProjectConfigurationPlatforms) = postSolution
		{92D2C54E-CCDA-45BD-905D-35FAF0A92910}.Debug|Any CPU.ActiveCfg = Debug|Any CPU
		{92D2C54E-CCDA-45BD-905D-35FAF0A92910}.Debug|Any CPU.Build.0 = Debug|Any CPU
		{92D2C54E-CCDA-45BD-905D-35FAF0A92910}.Debug|x64.ActiveCfg = Debug|Any CPU
		{92D2C54E-CCDA-45BD-905D-35FAF0A92910}.Debug|x64.Build.0 = Debug|Any CPU
		{92D2C54E-CCDA-45BD-905D-35FAF0A92910}.Release|Any CPU.ActiveCfg = Release|Any CPU
		{92D2C54E-CCDA-45BD-905D-35FAF0A92910}.Release|Any CPU.Build.0 = Release|Any CPU
		{92D2C54E-CCDA-45BD-905D-35FAF0A92910}.Release|x64.ActiveCfg = Release|Any CPU
		{92D2C54E-CCDA-45BD-905D-35FAF0A92910}.Release|x64.Build.0 = Release|Any CPU
		{2A504BC8-C4BB-4DD3-9ED7-54847DBDE9BF}.Debug|Any CPU.ActiveCfg = Debug|Any CPU
		{2A504BC8-C4BB-4DD3-9ED7-54847DBDE9BF}.Debug|Any CPU.Build.0 = Debug|Any CPU
		{2A504BC8-C4BB-4DD3-9ED7-54847DBDE9BF}.Debug|x64.ActiveCfg = Debug|Any CPU
		{2A504BC8-C4BB-4DD3-9ED7-54847DBDE9BF}.Debug|x64.Build.0 = Debug|Any CPU
		{2A504BC8-C4BB-4DD3-9ED7-54847DBDE9BF}.Release|Any CPU.ActiveCfg = Release|Any CPU
		{2A504BC8-C4BB-4DD3-9ED7-54847DBDE9BF}.Release|Any CPU.Build.0 = Release|Any CPU
		{2A504BC8-C4BB-4DD3-9ED7-54847DBDE9BF}.Release|x64.ActiveCfg = Release|Any CPU
		{2A504BC8-C4BB-4DD3-9ED7-54847DBDE9BF}.Release|x64.Build.0 = Release|Any CPU
		{E18199BC-B796-4AAC-8DE9-3B1333EE4EDC}.Debug|Any CPU.ActiveCfg = Debug|Any CPU
		{E18199BC-B796-4AAC-8DE9-3B1333EE4EDC}.Debug|Any CPU.Build.0 = Debug|Any CPU
		{E18199BC-B796-4AAC-8DE9-3B1333EE4EDC}.Debug|x64.ActiveCfg = Debug|Any CPU
		{E18199BC-B796-4AAC-8DE9-3B1333EE4EDC}.Debug|x64.Build.0 = Debug|Any CPU
		{E18199BC-B796-4AAC-8DE9-3B1333EE4EDC}.Release|Any CPU.ActiveCfg = Release|Any CPU
		{E18199BC-B796-4AAC-8DE9-3B1333EE4EDC}.Release|Any CPU.Build.0 = Release|Any CPU
		{E18199BC-B796-4AAC-8DE9-3B1333EE4EDC}.Release|x64.ActiveCfg = Release|Any CPU
		{E18199BC-B796-4AAC-8DE9-3B1333EE4EDC}.Release|x64.Build.0 = Release|Any CPU
		{B84C9A96-5061-4116-8D1A-96ACD81F0387}.Debug|Any CPU.ActiveCfg = Debug|Any CPU
		{B84C9A96-5061-4116-8D1A-96ACD81F0387}.Debug|Any CPU.Build.0 = Debug|Any CPU
		{B84C9A96-5061-4116-8D1A-96ACD81F0387}.Debug|x64.ActiveCfg = Debug|Any CPU
		{B84C9A96-5061-4116-8D1A-96ACD81F0387}.Debug|x64.Build.0 = Debug|Any CPU
		{B84C9A96-5061-4116-8D1A-96ACD81F0387}.Release|Any CPU.ActiveCfg = Release|Any CPU
		{B84C9A96-5061-4116-8D1A-96ACD81F0387}.Release|Any CPU.Build.0 = Release|Any CPU
		{B84C9A96-5061-4116-8D1A-96ACD81F0387}.Release|x64.ActiveCfg = Release|Any CPU
		{B84C9A96-5061-4116-8D1A-96ACD81F0387}.Release|x64.Build.0 = Release|Any CPU
		{D56C001D-D33F-4CB3-95C0-B841D810B18A}.Debug|Any CPU.ActiveCfg = Debug|Any CPU
		{D56C001D-D33F-4CB3-95C0-B841D810B18A}.Debug|Any CPU.Build.0 = Debug|Any CPU
		{D56C001D-D33F-4CB3-95C0-B841D810B18A}.Debug|x64.ActiveCfg = Debug|Any CPU
		{D56C001D-D33F-4CB3-95C0-B841D810B18A}.Debug|x64.Build.0 = Debug|Any CPU
		{D56C001D-D33F-4CB3-95C0-B841D810B18A}.Release|Any CPU.ActiveCfg = Release|Any CPU
		{D56C001D-D33F-4CB3-95C0-B841D810B18A}.Release|Any CPU.Build.0 = Release|Any CPU
		{D56C001D-D33F-4CB3-95C0-B841D810B18A}.Release|x64.ActiveCfg = Release|Any CPU
		{D56C001D-D33F-4CB3-95C0-B841D810B18A}.Release|x64.Build.0 = Release|Any CPU
		{DA8BDE4A-3322-46F8-9DEB-0BC58054F468}.Debug|Any CPU.ActiveCfg = Debug|Any CPU
		{DA8BDE4A-3322-46F8-9DEB-0BC58054F468}.Debug|Any CPU.Build.0 = Debug|Any CPU
		{DA8BDE4A-3322-46F8-9DEB-0BC58054F468}.Debug|x64.ActiveCfg = Debug|Any CPU
		{DA8BDE4A-3322-46F8-9DEB-0BC58054F468}.Debug|x64.Build.0 = Debug|Any CPU
		{DA8BDE4A-3322-46F8-9DEB-0BC58054F468}.Release|Any CPU.ActiveCfg = Release|Any CPU
		{DA8BDE4A-3322-46F8-9DEB-0BC58054F468}.Release|Any CPU.Build.0 = Release|Any CPU
		{DA8BDE4A-3322-46F8-9DEB-0BC58054F468}.Release|x64.ActiveCfg = Release|Any CPU
		{DA8BDE4A-3322-46F8-9DEB-0BC58054F468}.Release|x64.Build.0 = Release|Any CPU
		{0F54A5DA-46B1-4CBA-82E6-BD49400AC95C}.Debug|Any CPU.ActiveCfg = Debug|Any CPU
		{0F54A5DA-46B1-4CBA-82E6-BD49400AC95C}.Debug|Any CPU.Build.0 = Debug|Any CPU
		{0F54A5DA-46B1-4CBA-82E6-BD49400AC95C}.Debug|x64.ActiveCfg = Debug|Any CPU
		{0F54A5DA-46B1-4CBA-82E6-BD49400AC95C}.Debug|x64.Build.0 = Debug|Any CPU
		{0F54A5DA-46B1-4CBA-82E6-BD49400AC95C}.Release|Any CPU.ActiveCfg = Release|Any CPU
		{0F54A5DA-46B1-4CBA-82E6-BD49400AC95C}.Release|Any CPU.Build.0 = Release|Any CPU
		{0F54A5DA-46B1-4CBA-82E6-BD49400AC95C}.Release|x64.ActiveCfg = Release|Any CPU
		{0F54A5DA-46B1-4CBA-82E6-BD49400AC95C}.Release|x64.Build.0 = Release|Any CPU
		{A330EB5C-EF37-468F-A72E-905FE833514A}.Debug|Any CPU.ActiveCfg = Debug|Any CPU
		{A330EB5C-EF37-468F-A72E-905FE833514A}.Debug|Any CPU.Build.0 = Debug|Any CPU
		{A330EB5C-EF37-468F-A72E-905FE833514A}.Debug|x64.ActiveCfg = Debug|Any CPU
		{A330EB5C-EF37-468F-A72E-905FE833514A}.Debug|x64.Build.0 = Debug|Any CPU
		{A330EB5C-EF37-468F-A72E-905FE833514A}.Release|Any CPU.ActiveCfg = Release|Any CPU
		{A330EB5C-EF37-468F-A72E-905FE833514A}.Release|Any CPU.Build.0 = Release|Any CPU
		{A330EB5C-EF37-468F-A72E-905FE833514A}.Release|x64.ActiveCfg = Release|Any CPU
		{A330EB5C-EF37-468F-A72E-905FE833514A}.Release|x64.Build.0 = Release|Any CPU
		{D0860133-35B6-493E-A644-6F27D50C0404}.Debug|Any CPU.ActiveCfg = Debug|Any CPU
		{D0860133-35B6-493E-A644-6F27D50C0404}.Debug|Any CPU.Build.0 = Debug|Any CPU
		{D0860133-35B6-493E-A644-6F27D50C0404}.Debug|x64.ActiveCfg = Debug|Any CPU
		{D0860133-35B6-493E-A644-6F27D50C0404}.Debug|x64.Build.0 = Debug|Any CPU
		{D0860133-35B6-493E-A644-6F27D50C0404}.Release|Any CPU.ActiveCfg = Release|Any CPU
		{D0860133-35B6-493E-A644-6F27D50C0404}.Release|Any CPU.Build.0 = Release|Any CPU
		{D0860133-35B6-493E-A644-6F27D50C0404}.Release|x64.ActiveCfg = Release|Any CPU
		{D0860133-35B6-493E-A644-6F27D50C0404}.Release|x64.Build.0 = Release|Any CPU
		{FB12825D-E122-41F9-A9A1-243E87062DED}.Debug|Any CPU.ActiveCfg = Debug|Any CPU
		{FB12825D-E122-41F9-A9A1-243E87062DED}.Debug|Any CPU.Build.0 = Debug|Any CPU
		{FB12825D-E122-41F9-A9A1-243E87062DED}.Debug|x64.ActiveCfg = Debug|Any CPU
		{FB12825D-E122-41F9-A9A1-243E87062DED}.Debug|x64.Build.0 = Debug|Any CPU
		{FB12825D-E122-41F9-A9A1-243E87062DED}.Release|Any CPU.ActiveCfg = Release|Any CPU
		{FB12825D-E122-41F9-A9A1-243E87062DED}.Release|Any CPU.Build.0 = Release|Any CPU
		{FB12825D-E122-41F9-A9A1-243E87062DED}.Release|x64.ActiveCfg = Release|Any CPU
		{FB12825D-E122-41F9-A9A1-243E87062DED}.Release|x64.Build.0 = Release|Any CPU
		{F0924C30-412E-439C-8122-837BF4BE526F}.Debug|Any CPU.ActiveCfg = Debug|Any CPU
		{F0924C30-412E-439C-8122-837BF4BE526F}.Debug|Any CPU.Build.0 = Debug|Any CPU
		{F0924C30-412E-439C-8122-837BF4BE526F}.Debug|x64.ActiveCfg = Debug|Any CPU
		{F0924C30-412E-439C-8122-837BF4BE526F}.Debug|x64.Build.0 = Debug|Any CPU
		{F0924C30-412E-439C-8122-837BF4BE526F}.Release|Any CPU.ActiveCfg = Release|Any CPU
		{F0924C30-412E-439C-8122-837BF4BE526F}.Release|Any CPU.Build.0 = Release|Any CPU
		{F0924C30-412E-439C-8122-837BF4BE526F}.Release|x64.ActiveCfg = Release|Any CPU
		{F0924C30-412E-439C-8122-837BF4BE526F}.Release|x64.Build.0 = Release|Any CPU
		{0BC83A32-AA0B-451D-903B-C0BE7312CD4A}.Debug|Any CPU.ActiveCfg = Debug|Any CPU
		{0BC83A32-AA0B-451D-903B-C0BE7312CD4A}.Debug|Any CPU.Build.0 = Debug|Any CPU
		{0BC83A32-AA0B-451D-903B-C0BE7312CD4A}.Debug|x64.ActiveCfg = Debug|Any CPU
		{0BC83A32-AA0B-451D-903B-C0BE7312CD4A}.Debug|x64.Build.0 = Debug|Any CPU
		{0BC83A32-AA0B-451D-903B-C0BE7312CD4A}.Release|Any CPU.ActiveCfg = Release|Any CPU
		{0BC83A32-AA0B-451D-903B-C0BE7312CD4A}.Release|Any CPU.Build.0 = Release|Any CPU
		{0BC83A32-AA0B-451D-903B-C0BE7312CD4A}.Release|x64.ActiveCfg = Release|Any CPU
		{0BC83A32-AA0B-451D-903B-C0BE7312CD4A}.Release|x64.Build.0 = Release|Any CPU
		{4943692B-6949-448A-AADB-B630B57A28A6}.Debug|Any CPU.ActiveCfg = Debug|Any CPU
		{4943692B-6949-448A-AADB-B630B57A28A6}.Debug|Any CPU.Build.0 = Debug|Any CPU
		{4943692B-6949-448A-AADB-B630B57A28A6}.Debug|x64.ActiveCfg = Debug|Any CPU
		{4943692B-6949-448A-AADB-B630B57A28A6}.Debug|x64.Build.0 = Debug|Any CPU
		{4943692B-6949-448A-AADB-B630B57A28A6}.Release|Any CPU.ActiveCfg = Release|Any CPU
		{4943692B-6949-448A-AADB-B630B57A28A6}.Release|Any CPU.Build.0 = Release|Any CPU
		{4943692B-6949-448A-AADB-B630B57A28A6}.Release|x64.ActiveCfg = Release|Any CPU
		{4943692B-6949-448A-AADB-B630B57A28A6}.Release|x64.Build.0 = Release|Any CPU
		{AA69B58A-C4AD-4D0A-9166-0C1129CE1883}.Debug|Any CPU.ActiveCfg = Debug|Any CPU
		{AA69B58A-C4AD-4D0A-9166-0C1129CE1883}.Debug|Any CPU.Build.0 = Debug|Any CPU
		{AA69B58A-C4AD-4D0A-9166-0C1129CE1883}.Debug|x64.ActiveCfg = Debug|Any CPU
		{AA69B58A-C4AD-4D0A-9166-0C1129CE1883}.Debug|x64.Build.0 = Debug|Any CPU
		{AA69B58A-C4AD-4D0A-9166-0C1129CE1883}.Release|Any CPU.ActiveCfg = Release|Any CPU
		{AA69B58A-C4AD-4D0A-9166-0C1129CE1883}.Release|Any CPU.Build.0 = Release|Any CPU
		{AA69B58A-C4AD-4D0A-9166-0C1129CE1883}.Release|x64.ActiveCfg = Release|Any CPU
		{AA69B58A-C4AD-4D0A-9166-0C1129CE1883}.Release|x64.Build.0 = Release|Any CPU
		{459AF2ED-486F-4B32-81DE-516B57A6155F}.Debug|Any CPU.ActiveCfg = Debug|Any CPU
		{459AF2ED-486F-4B32-81DE-516B57A6155F}.Debug|Any CPU.Build.0 = Debug|Any CPU
		{459AF2ED-486F-4B32-81DE-516B57A6155F}.Debug|x64.ActiveCfg = Debug|Any CPU
		{459AF2ED-486F-4B32-81DE-516B57A6155F}.Debug|x64.Build.0 = Debug|Any CPU
		{459AF2ED-486F-4B32-81DE-516B57A6155F}.Release|Any CPU.ActiveCfg = Release|Any CPU
		{459AF2ED-486F-4B32-81DE-516B57A6155F}.Release|Any CPU.Build.0 = Release|Any CPU
		{459AF2ED-486F-4B32-81DE-516B57A6155F}.Release|x64.ActiveCfg = Release|Any CPU
		{459AF2ED-486F-4B32-81DE-516B57A6155F}.Release|x64.Build.0 = Release|Any CPU
		{2D659A56-3CCA-4EC7-8ADA-7F1FEAD15CED}.Debug|Any CPU.ActiveCfg = Debug|Any CPU
		{2D659A56-3CCA-4EC7-8ADA-7F1FEAD15CED}.Debug|Any CPU.Build.0 = Debug|Any CPU
		{2D659A56-3CCA-4EC7-8ADA-7F1FEAD15CED}.Debug|x64.ActiveCfg = Debug|Any CPU
		{2D659A56-3CCA-4EC7-8ADA-7F1FEAD15CED}.Debug|x64.Build.0 = Debug|Any CPU
		{2D659A56-3CCA-4EC7-8ADA-7F1FEAD15CED}.Release|Any CPU.ActiveCfg = Release|Any CPU
		{2D659A56-3CCA-4EC7-8ADA-7F1FEAD15CED}.Release|Any CPU.Build.0 = Release|Any CPU
		{2D659A56-3CCA-4EC7-8ADA-7F1FEAD15CED}.Release|x64.ActiveCfg = Release|Any CPU
		{2D659A56-3CCA-4EC7-8ADA-7F1FEAD15CED}.Release|x64.Build.0 = Release|Any CPU
		{10A431D2-8ED7-4223-BD5C-13801194BC44}.Debug|Any CPU.ActiveCfg = Debug|Any CPU
		{10A431D2-8ED7-4223-BD5C-13801194BC44}.Debug|Any CPU.Build.0 = Debug|Any CPU
		{10A431D2-8ED7-4223-BD5C-13801194BC44}.Debug|x64.ActiveCfg = Debug|Any CPU
		{10A431D2-8ED7-4223-BD5C-13801194BC44}.Debug|x64.Build.0 = Debug|Any CPU
		{10A431D2-8ED7-4223-BD5C-13801194BC44}.Release|Any CPU.ActiveCfg = Release|Any CPU
		{10A431D2-8ED7-4223-BD5C-13801194BC44}.Release|Any CPU.Build.0 = Release|Any CPU
		{10A431D2-8ED7-4223-BD5C-13801194BC44}.Release|x64.ActiveCfg = Release|Any CPU
		{10A431D2-8ED7-4223-BD5C-13801194BC44}.Release|x64.Build.0 = Release|Any CPU
		{1BCCAE92-1F70-4FD1-9000-36A310B37EEB}.Debug|Any CPU.ActiveCfg = Debug|Any CPU
		{1BCCAE92-1F70-4FD1-9000-36A310B37EEB}.Debug|Any CPU.Build.0 = Debug|Any CPU
		{1BCCAE92-1F70-4FD1-9000-36A310B37EEB}.Debug|x64.ActiveCfg = Debug|Any CPU
		{1BCCAE92-1F70-4FD1-9000-36A310B37EEB}.Debug|x64.Build.0 = Debug|Any CPU
		{1BCCAE92-1F70-4FD1-9000-36A310B37EEB}.Release|Any CPU.ActiveCfg = Release|Any CPU
		{1BCCAE92-1F70-4FD1-9000-36A310B37EEB}.Release|Any CPU.Build.0 = Release|Any CPU
		{1BCCAE92-1F70-4FD1-9000-36A310B37EEB}.Release|x64.ActiveCfg = Release|Any CPU
		{1BCCAE92-1F70-4FD1-9000-36A310B37EEB}.Release|x64.Build.0 = Release|Any CPU
		{C685471F-752C-4CD7-BE71-553D1E7D16E9}.Debug|Any CPU.ActiveCfg = Debug|Any CPU
		{C685471F-752C-4CD7-BE71-553D1E7D16E9}.Debug|Any CPU.Build.0 = Debug|Any CPU
		{C685471F-752C-4CD7-BE71-553D1E7D16E9}.Debug|x64.ActiveCfg = Debug|Any CPU
		{C685471F-752C-4CD7-BE71-553D1E7D16E9}.Debug|x64.Build.0 = Debug|Any CPU
		{C685471F-752C-4CD7-BE71-553D1E7D16E9}.Release|Any CPU.ActiveCfg = Release|Any CPU
		{C685471F-752C-4CD7-BE71-553D1E7D16E9}.Release|Any CPU.Build.0 = Release|Any CPU
		{C685471F-752C-4CD7-BE71-553D1E7D16E9}.Release|x64.ActiveCfg = Release|Any CPU
		{C685471F-752C-4CD7-BE71-553D1E7D16E9}.Release|x64.Build.0 = Release|Any CPU
		{FB2668EE-E8A0-4CC7-8D7A-4FACFEBF6D55}.Debug|Any CPU.ActiveCfg = Debug|Any CPU
		{FB2668EE-E8A0-4CC7-8D7A-4FACFEBF6D55}.Debug|Any CPU.Build.0 = Debug|Any CPU
		{FB2668EE-E8A0-4CC7-8D7A-4FACFEBF6D55}.Debug|x64.ActiveCfg = Debug|Any CPU
		{FB2668EE-E8A0-4CC7-8D7A-4FACFEBF6D55}.Debug|x64.Build.0 = Debug|Any CPU
		{FB2668EE-E8A0-4CC7-8D7A-4FACFEBF6D55}.Release|Any CPU.ActiveCfg = Release|Any CPU
		{FB2668EE-E8A0-4CC7-8D7A-4FACFEBF6D55}.Release|Any CPU.Build.0 = Release|Any CPU
		{FB2668EE-E8A0-4CC7-8D7A-4FACFEBF6D55}.Release|x64.ActiveCfg = Release|Any CPU
		{FB2668EE-E8A0-4CC7-8D7A-4FACFEBF6D55}.Release|x64.Build.0 = Release|Any CPU
	EndGlobalSection
	GlobalSection(SolutionProperties) = preSolution
		HideSolutionNode = FALSE
	EndGlobalSection
	GlobalSection(NestedProjects) = preSolution
		{92D2C54E-CCDA-45BD-905D-35FAF0A92910} = {2559877F-33EE-4160-8FA1-4C98A0077067}
		{2A504BC8-C4BB-4DD3-9ED7-54847DBDE9BF} = {3EBE0206-52FC-422A-A518-B8F26BE5A897}
		{E18199BC-B796-4AAC-8DE9-3B1333EE4EDC} = {0CE811E2-C0D4-4804-8CF7-585C13C41E93}
		{B84C9A96-5061-4116-8D1A-96ACD81F0387} = {0CE811E2-C0D4-4804-8CF7-585C13C41E93}
		{D56C001D-D33F-4CB3-95C0-B841D810B18A} = {0CE811E2-C0D4-4804-8CF7-585C13C41E93}
		{DA8BDE4A-3322-46F8-9DEB-0BC58054F468} = {E8C408CF-F4F0-409B-BF1E-5D3CB305E6E7}
		{0F54A5DA-46B1-4CBA-82E6-BD49400AC95C} = {E8C408CF-F4F0-409B-BF1E-5D3CB305E6E7}
		{A330EB5C-EF37-468F-A72E-905FE833514A} = {E8C408CF-F4F0-409B-BF1E-5D3CB305E6E7}
		{D0860133-35B6-493E-A644-6F27D50C0404} = {E6BFAAB9-3FA9-466A-933B-43C0EF4E36E9}
		{FB12825D-E122-41F9-A9A1-243E87062DED} = {E6BFAAB9-3FA9-466A-933B-43C0EF4E36E9}
		{F0924C30-412E-439C-8122-837BF4BE526F} = {E6BFAAB9-3FA9-466A-933B-43C0EF4E36E9}
		{0BC83A32-AA0B-451D-903B-C0BE7312CD4A} = {49C87263-4ECB-42F5-9D3F-3DFC8D4AB2D2}
		{4943692B-6949-448A-AADB-B630B57A28A6} = {49C87263-4ECB-42F5-9D3F-3DFC8D4AB2D2}
		{AA69B58A-C4AD-4D0A-9166-0C1129CE1883} = {49C87263-4ECB-42F5-9D3F-3DFC8D4AB2D2}
		{459AF2ED-486F-4B32-81DE-516B57A6155F} = {0C39E9FD-4A7C-4446-82E7-EAC8C7819AC0}
		{2D659A56-3CCA-4EC7-8ADA-7F1FEAD15CED} = {0C39E9FD-4A7C-4446-82E7-EAC8C7819AC0}
		{10A431D2-8ED7-4223-BD5C-13801194BC44} = {0C39E9FD-4A7C-4446-82E7-EAC8C7819AC0}
		{1BCCAE92-1F70-4FD1-9000-36A310B37EEB} = {93D65305-EA48-4B4F-B294-D7EC8FA47735}
		{C685471F-752C-4CD7-BE71-553D1E7D16E9} = {93D65305-EA48-4B4F-B294-D7EC8FA47735}
		{FB2668EE-E8A0-4CC7-8D7A-4FACFEBF6D55} = {93D65305-EA48-4B4F-B294-D7EC8FA47735}
	EndGlobalSection
	GlobalSection(ExtensibilityGlobals) = postSolution
		SolutionGuid = {772A1AFE-4F79-4B8F-8242-D6DB6DE23602}
	EndGlobalSection
EndGlobal
